
Microsoft Visual Studio Solution File, Format Version 12.00
# Visual Studio Version 16
VisualStudioVersion = 16.0.30011.22
MinimumVisualStudioVersion = 10.0.40219.1
Project("{FAE04EC0-301F-11D3-BF4B-00C04F79EFBC}") = "1712415_1712769_1712899", "1712415_1712769_1712899\1712415_1712769_1712899.csproj", "{DBD3250D-45D8-4395-B330-5482D7F1B8ED}"
EndProject
Global
	GlobalSection(SolutionConfigurationPlatforms) = preSolution
		Debug|Any CPU = Debug|Any CPU
		Release|Any CPU = Release|Any CPU
	EndGlobalSection
	GlobalSection(ProjectConfigurationPlatforms) = postSolution
		{DBD3250D-45D8-4395-B330-5482D7F1B8ED}.Debug|Any CPU.ActiveCfg = Debug|Any CPU
		{DBD3250D-45D8-4395-B330-5482D7F1B8ED}.Debug|Any CPU.Build.0 = Debug|Any CPU
		{DBD3250D-45D8-4395-B330-5482D7F1B8ED}.Release|Any CPU.ActiveCfg = Release|Any CPU
		{DBD3250D-45D8-4395-B330-5482D7F1B8ED}.Release|Any CPU.Build.0 = Release|Any CPU
	EndGlobalSection
	GlobalSection(SolutionProperties) = preSolution
		HideSolutionNode = FALSE
	EndGlobalSection
	GlobalSection(ExtensibilityGlobals) = postSolution
		SolutionGuid = {E0DE7E21-A22A-4CB5-80F6-17E117E93DB2}
	EndGlobalSection
EndGlobal
