
Microsoft Visual Studio Solution File, Format Version 12.00
# Visual Studio Version 16
VisualStudioVersion = 16.0.30011.22
MinimumVisualStudioVersion = 10.0.40219.1
Project("{FAE04EC0-301F-11D3-BF4B-00C04F79EFBC}") = "1712415_1712769_1712899", "1712415_1712769_1712899\1712415_1712769_1712899.csproj", "{3EB345AF-8066-4E9F-90DF-749E4E27BEF1}"
EndProject
Global
	GlobalSection(SolutionConfigurationPlatforms) = preSolution
		Debug|Any CPU = Debug|Any CPU
		Release|Any CPU = Release|Any CPU
	EndGlobalSection
	GlobalSection(ProjectConfigurationPlatforms) = postSolution
		{3EB345AF-8066-4E9F-90DF-749E4E27BEF1}.Debug|Any CPU.ActiveCfg = Debug|Any CPU
		{3EB345AF-8066-4E9F-90DF-749E4E27BEF1}.Debug|Any CPU.Build.0 = Debug|Any CPU
		{3EB345AF-8066-4E9F-90DF-749E4E27BEF1}.Release|Any CPU.ActiveCfg = Release|Any CPU
		{3EB345AF-8066-4E9F-90DF-749E4E27BEF1}.Release|Any CPU.Build.0 = Release|Any CPU
	EndGlobalSection
	GlobalSection(SolutionProperties) = preSolution
		HideSolutionNode = FALSE
	EndGlobalSection
	GlobalSection(ExtensibilityGlobals) = postSolution
		SolutionGuid = {FF5E0DDA-B856-4E42-A5A9-206B24FC7BF8}
	EndGlobalSection
EndGlobal
